
Microsoft Visual Studio Solution File, Format Version 12.00
# Visual Studio Version 17
VisualStudioVersion = 17.7.34221.43
MinimumVisualStudioVersion = 10.0.40219.1
Project("{2150E333-8FDC-42A3-9474-1A3956D46DE8}") = "src", "src", "{622ABFBF-146B-4FF9-BC55-010411A6E762}"
EndProject
Project("{2150E333-8FDC-42A3-9474-1A3956D46DE8}") = "Solution Items", "Solution Items", "{AF6CC7F8-C348-480D-923F-EC3462B31290}"
	ProjectSection(SolutionItems) = preProject
		ServiceURLs.txt = ServiceURLs.txt
	EndProjectSection
EndProject
Project("{2150E333-8FDC-42A3-9474-1A3956D46DE8}") = "APIGateways", "APIGateways", "{E5B92145-E6E2-4261-A707-D3D98C9C544B}"
EndProject
Project("{2150E333-8FDC-42A3-9474-1A3956D46DE8}") = "BuildingBlocks", "BuildingBlocks", "{56895A2C-6559-400D-8446-6C70D68E013C}"
EndProject
Project("{2150E333-8FDC-42A3-9474-1A3956D46DE8}") = "Services", "Services", "{5FAD7388-15AC-4607-82D4-CDFA7B43FD2C}"
EndProject
Project("{2150E333-8FDC-42A3-9474-1A3956D46DE8}") = "Clients", "Clients", "{B5E4A2BF-BB86-4970-B01A-9B0F852661A1}"
EndProject
Project("{2150E333-8FDC-42A3-9474-1A3956D46DE8}") = "WebAPIGateway", "WebAPIGateway", "{297BF41E-07A6-4F65-83CD-32340C6AF52E}"
EndProject
Project("{FAE04EC0-301F-11D3-BF4B-00C04F79EFBC}") = "eMop.API.WebAPIGateway", "src\APIGateways\WebAPIGateway\eMop.API.WebAPIGateway\eMop.API.WebAPIGateway.csproj", "{6718A1B2-822F-4977-9ADD-09B18E4FE416}"
EndProject
Project("{2150E333-8FDC-42A3-9474-1A3956D46DE8}") = "EventBus", "EventBus", "{301A18CD-B592-422E-9F38-537279EC9CE9}"
EndProject
Project("{FAE04EC0-301F-11D3-BF4B-00C04F79EFBC}") = "EventBus.Base", "src\BuildingBlocks\EventBus\EventBus.Base\EventBus.Base.csproj", "{FAE807EE-7589-4860-8670-32877C151523}"
EndProject
Project("{FAE04EC0-301F-11D3-BF4B-00C04F79EFBC}") = "EventBus.Factory", "src\BuildingBlocks\EventBus\EventBus.Factory\EventBus.Factory.csproj", "{32D14C36-3AD8-4E65-BC78-32ADF1593477}"
EndProject
Project("{FAE04EC0-301F-11D3-BF4B-00C04F79EFBC}") = "EventBus.AzureServiceBus", "src\BuildingBlocks\EventBus\EventBus.AzureServiceBus\EventBus.AzureServiceBus.csproj", "{D8965F9A-4471-45A6-ADC4-B7ABE02960BD}"
EndProject
Project("{FAE04EC0-301F-11D3-BF4B-00C04F79EFBC}") = "EventBus.RabbitMQ", "src\BuildingBlocks\EventBus\EventBus.RabbitMQ\EventBus.RabbitMQ.csproj", "{5E2708C1-5A0E-41FB-8A17-33259165F9AC}"
EndProject
Project("{FAE04EC0-301F-11D3-BF4B-00C04F79EFBC}") = "WebApp", "src\Clients\WebApp\WebApp.csproj", "{8BDDBC41-4641-49E1-B75F-C0D0D6033B06}"
EndProject
Project("{2150E333-8FDC-42A3-9474-1A3956D46DE8}") = "BasketService", "BasketService", "{B8136A20-9E81-44EA-BA84-4B32B6A4AAC3}"
EndProject
Project("{FAE04EC0-301F-11D3-BF4B-00C04F79EFBC}") = "BasketService.API", "src\Services\BasketService\BasketService.API\BasketService.API.csproj", "{5130D27C-4055-4337-972D-A1F7CFBE7FBF}"
EndProject
Project("{2150E333-8FDC-42A3-9474-1A3956D46DE8}") = "CatalogService", "CatalogService", "{16A79CFB-5C31-4317-BB66-DA74C59A03CB}"
EndProject
Project("{FAE04EC0-301F-11D3-BF4B-00C04F79EFBC}") = "CatalogService.API", "src\Services\CatalogService\CatalogService.API\CatalogService.API.csproj", "{49C82CD1-9A7A-45E8-B145-6E59CAC9B87B}"
EndProject
Project("{2150E333-8FDC-42A3-9474-1A3956D46DE8}") = "IdentityService", "IdentityService", "{05711320-BA19-4217-AA2A-1262BC2BD073}"
EndProject
Project("{FAE04EC0-301F-11D3-BF4B-00C04F79EFBC}") = "IdentityService.API", "src\Services\IdentityService\IdentityService.API\IdentityService.API.csproj", "{B5B3C620-5A85-40B2-A72F-CE00470B9E8B}"
EndProject
Project("{2150E333-8FDC-42A3-9474-1A3956D46DE8}") = "NotificationService", "NotificationService", "{20FC8BDD-854C-4D0E-92D3-5A17182CB912}"
EndProject
Project("{FAE04EC0-301F-11D3-BF4B-00C04F79EFBC}") = "NotificationService.App", "src\Services\NotificationService\NotificationService.App\NotificationService.App.csproj", "{FE13EB43-9A4F-49D0-9CA2-DB358DD91D15}"
EndProject
Project("{2150E333-8FDC-42A3-9474-1A3956D46DE8}") = "OrderService", "OrderService", "{CA99992B-BC65-4907-BB57-AEDFA08E1C16}"
EndProject
Project("{FAE04EC0-301F-11D3-BF4B-00C04F79EFBC}") = "OrderService.Domain", "src\Services\OrderService\OrderService.Domain\OrderService.Domain.csproj", "{D2101BD8-BE95-4D52-9ABB-6D6193409971}"
EndProject
Project("{FAE04EC0-301F-11D3-BF4B-00C04F79EFBC}") = "OrderService.Application", "src\Services\OrderService\OrderService.Application\OrderService.Application.csproj", "{4381007F-6ED2-4466-9E8B-49D4B811AADA}"
EndProject
Project("{FAE04EC0-301F-11D3-BF4B-00C04F79EFBC}") = "OrderService.Infrastructure", "src\Services\OrderService\OrderService.Infrastructure\OrderService.Infrastructure.csproj", "{BB6EBC25-97DC-48E5-895E-55F950610B57}"
EndProject
Project("{FAE04EC0-301F-11D3-BF4B-00C04F79EFBC}") = "OrderService.API", "src\Services\OrderService\OrderService.API\OrderService.API.csproj", "{27605FE8-C7D8-4C4F-9B00-EAE789442B20}"
EndProject
Project("{2150E333-8FDC-42A3-9474-1A3956D46DE8}") = "PaymentService", "PaymentService", "{2B6828C4-EB6B-41F8-8799-61E08587DED9}"
EndProject
Project("{FAE04EC0-301F-11D3-BF4B-00C04F79EFBC}") = "PaymentService.API", "src\Services\PaymentService\PaymentService.API\PaymentService.API.csproj", "{67A78412-D3D5-4639-99E9-9D34C5ACA0E2}"
EndProject
Global
	GlobalSection(SolutionConfigurationPlatforms) = preSolution
		Debug|Any CPU = Debug|Any CPU
		Release|Any CPU = Release|Any CPU
	EndGlobalSection
	GlobalSection(ProjectConfigurationPlatforms) = postSolution
		{6718A1B2-822F-4977-9ADD-09B18E4FE416}.Debug|Any CPU.ActiveCfg = Debug|Any CPU
		{6718A1B2-822F-4977-9ADD-09B18E4FE416}.Debug|Any CPU.Build.0 = Debug|Any CPU
		{6718A1B2-822F-4977-9ADD-09B18E4FE416}.Release|Any CPU.ActiveCfg = Release|Any CPU
		{6718A1B2-822F-4977-9ADD-09B18E4FE416}.Release|Any CPU.Build.0 = Release|Any CPU
		{FAE807EE-7589-4860-8670-32877C151523}.Debug|Any CPU.ActiveCfg = Debug|Any CPU
		{FAE807EE-7589-4860-8670-32877C151523}.Debug|Any CPU.Build.0 = Debug|Any CPU
		{FAE807EE-7589-4860-8670-32877C151523}.Release|Any CPU.ActiveCfg = Release|Any CPU
		{FAE807EE-7589-4860-8670-32877C151523}.Release|Any CPU.Build.0 = Release|Any CPU
		{32D14C36-3AD8-4E65-BC78-32ADF1593477}.Debug|Any CPU.ActiveCfg = Debug|Any CPU
		{32D14C36-3AD8-4E65-BC78-32ADF1593477}.Debug|Any CPU.Build.0 = Debug|Any CPU
		{32D14C36-3AD8-4E65-BC78-32ADF1593477}.Release|Any CPU.ActiveCfg = Release|Any CPU
		{32D14C36-3AD8-4E65-BC78-32ADF1593477}.Release|Any CPU.Build.0 = Release|Any CPU
		{D8965F9A-4471-45A6-ADC4-B7ABE02960BD}.Debug|Any CPU.ActiveCfg = Debug|Any CPU
		{D8965F9A-4471-45A6-ADC4-B7ABE02960BD}.Debug|Any CPU.Build.0 = Debug|Any CPU
		{D8965F9A-4471-45A6-ADC4-B7ABE02960BD}.Release|Any CPU.ActiveCfg = Release|Any CPU
		{D8965F9A-4471-45A6-ADC4-B7ABE02960BD}.Release|Any CPU.Build.0 = Release|Any CPU
		{5E2708C1-5A0E-41FB-8A17-33259165F9AC}.Debug|Any CPU.ActiveCfg = Debug|Any CPU
		{5E2708C1-5A0E-41FB-8A17-33259165F9AC}.Debug|Any CPU.Build.0 = Debug|Any CPU
		{5E2708C1-5A0E-41FB-8A17-33259165F9AC}.Release|Any CPU.ActiveCfg = Release|Any CPU
		{5E2708C1-5A0E-41FB-8A17-33259165F9AC}.Release|Any CPU.Build.0 = Release|Any CPU
		{8BDDBC41-4641-49E1-B75F-C0D0D6033B06}.Debug|Any CPU.ActiveCfg = Debug|Any CPU
		{8BDDBC41-4641-49E1-B75F-C0D0D6033B06}.Debug|Any CPU.Build.0 = Debug|Any CPU
		{8BDDBC41-4641-49E1-B75F-C0D0D6033B06}.Release|Any CPU.ActiveCfg = Release|Any CPU
		{8BDDBC41-4641-49E1-B75F-C0D0D6033B06}.Release|Any CPU.Build.0 = Release|Any CPU
		{5130D27C-4055-4337-972D-A1F7CFBE7FBF}.Debug|Any CPU.ActiveCfg = Debug|Any CPU
		{5130D27C-4055-4337-972D-A1F7CFBE7FBF}.Debug|Any CPU.Build.0 = Debug|Any CPU
		{5130D27C-4055-4337-972D-A1F7CFBE7FBF}.Release|Any CPU.ActiveCfg = Release|Any CPU
		{5130D27C-4055-4337-972D-A1F7CFBE7FBF}.Release|Any CPU.Build.0 = Release|Any CPU
		{49C82CD1-9A7A-45E8-B145-6E59CAC9B87B}.Debug|Any CPU.ActiveCfg = Debug|Any CPU
		{49C82CD1-9A7A-45E8-B145-6E59CAC9B87B}.Debug|Any CPU.Build.0 = Debug|Any CPU
		{49C82CD1-9A7A-45E8-B145-6E59CAC9B87B}.Release|Any CPU.ActiveCfg = Release|Any CPU
		{49C82CD1-9A7A-45E8-B145-6E59CAC9B87B}.Release|Any CPU.Build.0 = Release|Any CPU
		{B5B3C620-5A85-40B2-A72F-CE00470B9E8B}.Debug|Any CPU.ActiveCfg = Debug|Any CPU
		{B5B3C620-5A85-40B2-A72F-CE00470B9E8B}.Debug|Any CPU.Build.0 = Debug|Any CPU
		{B5B3C620-5A85-40B2-A72F-CE00470B9E8B}.Release|Any CPU.ActiveCfg = Release|Any CPU
		{B5B3C620-5A85-40B2-A72F-CE00470B9E8B}.Release|Any CPU.Build.0 = Release|Any CPU
		{FE13EB43-9A4F-49D0-9CA2-DB358DD91D15}.Debug|Any CPU.ActiveCfg = Debug|Any CPU
		{FE13EB43-9A4F-49D0-9CA2-DB358DD91D15}.Debug|Any CPU.Build.0 = Debug|Any CPU
		{FE13EB43-9A4F-49D0-9CA2-DB358DD91D15}.Release|Any CPU.ActiveCfg = Release|Any CPU
		{FE13EB43-9A4F-49D0-9CA2-DB358DD91D15}.Release|Any CPU.Build.0 = Release|Any CPU
		{D2101BD8-BE95-4D52-9ABB-6D6193409971}.Debug|Any CPU.ActiveCfg = Debug|Any CPU
		{D2101BD8-BE95-4D52-9ABB-6D6193409971}.Debug|Any CPU.Build.0 = Debug|Any CPU
		{D2101BD8-BE95-4D52-9ABB-6D6193409971}.Release|Any CPU.ActiveCfg = Release|Any CPU
		{D2101BD8-BE95-4D52-9ABB-6D6193409971}.Release|Any CPU.Build.0 = Release|Any CPU
		{4381007F-6ED2-4466-9E8B-49D4B811AADA}.Debug|Any CPU.ActiveCfg = Debug|Any CPU
		{4381007F-6ED2-4466-9E8B-49D4B811AADA}.Debug|Any CPU.Build.0 = Debug|Any CPU
		{4381007F-6ED2-4466-9E8B-49D4B811AADA}.Release|Any CPU.ActiveCfg = Release|Any CPU
		{4381007F-6ED2-4466-9E8B-49D4B811AADA}.Release|Any CPU.Build.0 = Release|Any CPU
		{BB6EBC25-97DC-48E5-895E-55F950610B57}.Debug|Any CPU.ActiveCfg = Debug|Any CPU
		{BB6EBC25-97DC-48E5-895E-55F950610B57}.Debug|Any CPU.Build.0 = Debug|Any CPU
		{BB6EBC25-97DC-48E5-895E-55F950610B57}.Release|Any CPU.ActiveCfg = Release|Any CPU
		{BB6EBC25-97DC-48E5-895E-55F950610B57}.Release|Any CPU.Build.0 = Release|Any CPU
		{27605FE8-C7D8-4C4F-9B00-EAE789442B20}.Debug|Any CPU.ActiveCfg = Debug|Any CPU
		{27605FE8-C7D8-4C4F-9B00-EAE789442B20}.Debug|Any CPU.Build.0 = Debug|Any CPU
		{27605FE8-C7D8-4C4F-9B00-EAE789442B20}.Release|Any CPU.ActiveCfg = Release|Any CPU
		{27605FE8-C7D8-4C4F-9B00-EAE789442B20}.Release|Any CPU.Build.0 = Release|Any CPU
		{67A78412-D3D5-4639-99E9-9D34C5ACA0E2}.Debug|Any CPU.ActiveCfg = Debug|Any CPU
		{67A78412-D3D5-4639-99E9-9D34C5ACA0E2}.Debug|Any CPU.Build.0 = Debug|Any CPU
		{67A78412-D3D5-4639-99E9-9D34C5ACA0E2}.Release|Any CPU.ActiveCfg = Release|Any CPU
		{67A78412-D3D5-4639-99E9-9D34C5ACA0E2}.Release|Any CPU.Build.0 = Release|Any CPU
	EndGlobalSection
	GlobalSection(SolutionProperties) = preSolution
		HideSolutionNode = FALSE
	EndGlobalSection
	GlobalSection(NestedProjects) = preSolution
		{E5B92145-E6E2-4261-A707-D3D98C9C544B} = {622ABFBF-146B-4FF9-BC55-010411A6E762}
		{56895A2C-6559-400D-8446-6C70D68E013C} = {622ABFBF-146B-4FF9-BC55-010411A6E762}
		{5FAD7388-15AC-4607-82D4-CDFA7B43FD2C} = {622ABFBF-146B-4FF9-BC55-010411A6E762}
		{B5E4A2BF-BB86-4970-B01A-9B0F852661A1} = {622ABFBF-146B-4FF9-BC55-010411A6E762}
		{297BF41E-07A6-4F65-83CD-32340C6AF52E} = {E5B92145-E6E2-4261-A707-D3D98C9C544B}
		{6718A1B2-822F-4977-9ADD-09B18E4FE416} = {297BF41E-07A6-4F65-83CD-32340C6AF52E}
		{301A18CD-B592-422E-9F38-537279EC9CE9} = {56895A2C-6559-400D-8446-6C70D68E013C}
		{FAE807EE-7589-4860-8670-32877C151523} = {301A18CD-B592-422E-9F38-537279EC9CE9}
		{32D14C36-3AD8-4E65-BC78-32ADF1593477} = {301A18CD-B592-422E-9F38-537279EC9CE9}
		{D8965F9A-4471-45A6-ADC4-B7ABE02960BD} = {301A18CD-B592-422E-9F38-537279EC9CE9}
		{5E2708C1-5A0E-41FB-8A17-33259165F9AC} = {301A18CD-B592-422E-9F38-537279EC9CE9}
		{8BDDBC41-4641-49E1-B75F-C0D0D6033B06} = {B5E4A2BF-BB86-4970-B01A-9B0F852661A1}
		{B8136A20-9E81-44EA-BA84-4B32B6A4AAC3} = {5FAD7388-15AC-4607-82D4-CDFA7B43FD2C}
		{5130D27C-4055-4337-972D-A1F7CFBE7FBF} = {B8136A20-9E81-44EA-BA84-4B32B6A4AAC3}
		{16A79CFB-5C31-4317-BB66-DA74C59A03CB} = {5FAD7388-15AC-4607-82D4-CDFA7B43FD2C}
		{49C82CD1-9A7A-45E8-B145-6E59CAC9B87B} = {16A79CFB-5C31-4317-BB66-DA74C59A03CB}
		{05711320-BA19-4217-AA2A-1262BC2BD073} = {5FAD7388-15AC-4607-82D4-CDFA7B43FD2C}
		{B5B3C620-5A85-40B2-A72F-CE00470B9E8B} = {05711320-BA19-4217-AA2A-1262BC2BD073}
		{20FC8BDD-854C-4D0E-92D3-5A17182CB912} = {5FAD7388-15AC-4607-82D4-CDFA7B43FD2C}
		{FE13EB43-9A4F-49D0-9CA2-DB358DD91D15} = {20FC8BDD-854C-4D0E-92D3-5A17182CB912}
		{CA99992B-BC65-4907-BB57-AEDFA08E1C16} = {5FAD7388-15AC-4607-82D4-CDFA7B43FD2C}
		{D2101BD8-BE95-4D52-9ABB-6D6193409971} = {CA99992B-BC65-4907-BB57-AEDFA08E1C16}
		{4381007F-6ED2-4466-9E8B-49D4B811AADA} = {CA99992B-BC65-4907-BB57-AEDFA08E1C16}
		{BB6EBC25-97DC-48E5-895E-55F950610B57} = {CA99992B-BC65-4907-BB57-AEDFA08E1C16}
		{27605FE8-C7D8-4C4F-9B00-EAE789442B20} = {CA99992B-BC65-4907-BB57-AEDFA08E1C16}
		{2B6828C4-EB6B-41F8-8799-61E08587DED9} = {5FAD7388-15AC-4607-82D4-CDFA7B43FD2C}
		{67A78412-D3D5-4639-99E9-9D34C5ACA0E2} = {2B6828C4-EB6B-41F8-8799-61E08587DED9}
	EndGlobalSection
	GlobalSection(ExtensibilityGlobals) = postSolution
		SolutionGuid = {CE403546-4B33-4B4E-B8F6-8ED95628B7AD}
	EndGlobalSection
EndGlobal
